
Microsoft Visual Studio Solution File, Format Version 12.00
# Visual Studio 14
VisualStudioVersion = 14.0.25420.1
MinimumVisualStudioVersion = 10.0.40219.1
Project("{FAE04EC0-301F-11D3-BF4B-00C04F79EFBC}") = "Core", "Core\Core.csproj", "{DB2C335C-0E92-43F6-AE25-FEAC0F620BFB}"
EndProject
Project("{FAE04EC0-301F-11D3-BF4B-00C04F79EFBC}") = "Setting", "Campaign\Setting.csproj", "{5C9D2B2B-05D7-41BF-8421-3DB18B08ED6F}"
EndProject
Project("{FAE04EC0-301F-11D3-BF4B-00C04F79EFBC}") = "Scripting", "ScriptingSystem\Scripting.csproj", "{50771519-3D47-4EA6-A3A5-6B8178DF453C}"
EndProject
Project("{FAE04EC0-301F-11D3-BF4B-00C04F79EFBC}") = "StandardSetting", "StandardSetting\StandardSetting.csproj", "{F0DD743F-4E86-4B7F-85C1-C47F6EE8D81A}"
EndProject
Project("{FAE04EC0-301F-11D3-BF4B-00C04F79EFBC}") = "DefaultControllers", "Controllers\DefaultControllers.csproj", "{112B66D6-627D-4C7C-B6F9-EC274212C29E}"
EndProject
Project("{FAE04EC0-301F-11D3-BF4B-00C04F79EFBC}") = "Lidgren.Network", "Lidgren.Network\Lidgren.Network.csproj", "{49BA1C69-6104-41AC-A5D8-B54FA9F696E8}"
EndProject
Global
	GlobalSection(SolutionConfigurationPlatforms) = preSolution
		Debug|Any CPU = Debug|Any CPU
		Release|Any CPU = Release|Any CPU
		UnityRelease|Any CPU = UnityRelease|Any CPU
	EndGlobalSection
	GlobalSection(ProjectConfigurationPlatforms) = postSolution
		{DB2C335C-0E92-43F6-AE25-FEAC0F620BFB}.Debug|Any CPU.ActiveCfg = Debug|Any CPU
		{DB2C335C-0E92-43F6-AE25-FEAC0F620BFB}.Debug|Any CPU.Build.0 = Debug|Any CPU
		{DB2C335C-0E92-43F6-AE25-FEAC0F620BFB}.Release|Any CPU.ActiveCfg = Release|Any CPU
		{DB2C335C-0E92-43F6-AE25-FEAC0F620BFB}.Release|Any CPU.Build.0 = Release|Any CPU
		{DB2C335C-0E92-43F6-AE25-FEAC0F620BFB}.UnityRelease|Any CPU.ActiveCfg = Release|Any CPU
		{DB2C335C-0E92-43F6-AE25-FEAC0F620BFB}.UnityRelease|Any CPU.Build.0 = Release|Any CPU
		{5C9D2B2B-05D7-41BF-8421-3DB18B08ED6F}.Debug|Any CPU.ActiveCfg = Debug|Any CPU
		{5C9D2B2B-05D7-41BF-8421-3DB18B08ED6F}.Debug|Any CPU.Build.0 = Debug|Any CPU
		{5C9D2B2B-05D7-41BF-8421-3DB18B08ED6F}.Release|Any CPU.ActiveCfg = Release|Any CPU
		{5C9D2B2B-05D7-41BF-8421-3DB18B08ED6F}.Release|Any CPU.Build.0 = Release|Any CPU
		{5C9D2B2B-05D7-41BF-8421-3DB18B08ED6F}.UnityRelease|Any CPU.ActiveCfg = Release|Any CPU
		{5C9D2B2B-05D7-41BF-8421-3DB18B08ED6F}.UnityRelease|Any CPU.Build.0 = Release|Any CPU
		{50771519-3D47-4EA6-A3A5-6B8178DF453C}.Debug|Any CPU.ActiveCfg = Debug|Any CPU
		{50771519-3D47-4EA6-A3A5-6B8178DF453C}.Debug|Any CPU.Build.0 = Debug|Any CPU
		{50771519-3D47-4EA6-A3A5-6B8178DF453C}.Release|Any CPU.ActiveCfg = Release|Any CPU
		{50771519-3D47-4EA6-A3A5-6B8178DF453C}.Release|Any CPU.Build.0 = Release|Any CPU
		{50771519-3D47-4EA6-A3A5-6B8178DF453C}.UnityRelease|Any CPU.ActiveCfg = Release|Any CPU
		{50771519-3D47-4EA6-A3A5-6B8178DF453C}.UnityRelease|Any CPU.Build.0 = Release|Any CPU
		{F0DD743F-4E86-4B7F-85C1-C47F6EE8D81A}.Debug|Any CPU.ActiveCfg = Debug|Any CPU
		{F0DD743F-4E86-4B7F-85C1-C47F6EE8D81A}.Debug|Any CPU.Build.0 = Debug|Any CPU
		{F0DD743F-4E86-4B7F-85C1-C47F6EE8D81A}.Release|Any CPU.ActiveCfg = Release|Any CPU
		{F0DD743F-4E86-4B7F-85C1-C47F6EE8D81A}.Release|Any CPU.Build.0 = Release|Any CPU
		{F0DD743F-4E86-4B7F-85C1-C47F6EE8D81A}.UnityRelease|Any CPU.ActiveCfg = Release|Any CPU
		{F0DD743F-4E86-4B7F-85C1-C47F6EE8D81A}.UnityRelease|Any CPU.Build.0 = Release|Any CPU
		{112B66D6-627D-4C7C-B6F9-EC274212C29E}.Debug|Any CPU.ActiveCfg = Debug|Any CPU
		{112B66D6-627D-4C7C-B6F9-EC274212C29E}.Debug|Any CPU.Build.0 = Debug|Any CPU
		{112B66D6-627D-4C7C-B6F9-EC274212C29E}.Release|Any CPU.ActiveCfg = Release|Any CPU
		{112B66D6-627D-4C7C-B6F9-EC274212C29E}.Release|Any CPU.Build.0 = Release|Any CPU
		{112B66D6-627D-4C7C-B6F9-EC274212C29E}.UnityRelease|Any CPU.ActiveCfg = Release|Any CPU
		{112B66D6-627D-4C7C-B6F9-EC274212C29E}.UnityRelease|Any CPU.Build.0 = Release|Any CPU
		{49BA1C69-6104-41AC-A5D8-B54FA9F696E8}.Debug|Any CPU.ActiveCfg = Debug|Any CPU
		{49BA1C69-6104-41AC-A5D8-B54FA9F696E8}.Debug|Any CPU.Build.0 = Debug|Any CPU
		{49BA1C69-6104-41AC-A5D8-B54FA9F696E8}.Release|Any CPU.ActiveCfg = Release|Any CPU
		{49BA1C69-6104-41AC-A5D8-B54FA9F696E8}.Release|Any CPU.Build.0 = Release|Any CPU
		{49BA1C69-6104-41AC-A5D8-B54FA9F696E8}.UnityRelease|Any CPU.ActiveCfg = UnityRelease|Any CPU
		{49BA1C69-6104-41AC-A5D8-B54FA9F696E8}.UnityRelease|Any CPU.Build.0 = UnityRelease|Any CPU
	EndGlobalSection
	GlobalSection(SolutionProperties) = preSolution
		HideSolutionNode = FALSE
	EndGlobalSection
EndGlobal
