
Microsoft Visual Studio Solution File, Format Version 12.00
# Visual Studio 2013
VisualStudioVersion = 12.0.40629.0
MinimumVisualStudioVersion = 10.0.40219.1
Project("{FAE04EC0-301F-11D3-BF4B-00C04F79EFBC}") = "Core", "Core\Core.csproj", "{DB2C335C-0E92-43F6-AE25-FEAC0F620BFB}"
EndProject
Project("{FAE04EC0-301F-11D3-BF4B-00C04F79EFBC}") = "Setting", "Campaign\Setting.csproj", "{5C9D2B2B-05D7-41BF-8421-3DB18B08ED6F}"
EndProject
Global
	GlobalSection(SolutionConfigurationPlatforms) = preSolution
		Debug|Any CPU = Debug|Any CPU
		Release|Any CPU = Release|Any CPU
	EndGlobalSection
	GlobalSection(ProjectConfigurationPlatforms) = postSolution
		{DB2C335C-0E92-43F6-AE25-FEAC0F620BFB}.Debug|Any CPU.ActiveCfg = Debug|Any CPU
		{DB2C335C-0E92-43F6-AE25-FEAC0F620BFB}.Debug|Any CPU.Build.0 = Debug|Any CPU
		{DB2C335C-0E92-43F6-AE25-FEAC0F620BFB}.Release|Any CPU.ActiveCfg = Release|Any CPU
		{DB2C335C-0E92-43F6-AE25-FEAC0F620BFB}.Release|Any CPU.Build.0 = Release|Any CPU
		{5C9D2B2B-05D7-41BF-8421-3DB18B08ED6F}.Debug|Any CPU.ActiveCfg = Debug|Any CPU
		{5C9D2B2B-05D7-41BF-8421-3DB18B08ED6F}.Debug|Any CPU.Build.0 = Debug|Any CPU
		{5C9D2B2B-05D7-41BF-8421-3DB18B08ED6F}.Release|Any CPU.ActiveCfg = Release|Any CPU
		{5C9D2B2B-05D7-41BF-8421-3DB18B08ED6F}.Release|Any CPU.Build.0 = Release|Any CPU
	EndGlobalSection
	GlobalSection(SolutionProperties) = preSolution
		HideSolutionNode = FALSE
	EndGlobalSection
EndGlobal
